
Microsoft Visual Studio Solution File, Format Version 12.00
# Visual Studio Version 18
VisualStudioVersion = 18.0.11010.61 d18.0
MinimumVisualStudioVersion = 10.0.40219.1
Project("{2150E333-8FDC-42A3-9474-1A3956D46DE8}") = "Appointments", "Appointments", "{47B7591B-B5BE-4296-A0AD-78E9129BC2B4}"
EndProject
Project("{FAE04EC0-301F-11D3-BF4B-00C04F79EFBC}") = "Appointments.Api", "src\Appointments\Appointments.Api\Appointments.Api.csproj", "{C2EA6002-5E0A-4350-97DE-02B00B80216C}"
EndProject
Project("{2150E333-8FDC-42A3-9474-1A3956D46DE8}") = "Gateway", "Gateway", "{E7BDDBC6-9FD1-D1D7-ACD8-2C4F8E3D2461}"
EndProject
Project("{FAE04EC0-301F-11D3-BF4B-00C04F79EFBC}") = "Gateway.Api", "src\Gateway\Gateway.Api\Gateway.Api.csproj", "{2D16252D-D06B-4CB8-85C5-028EDF52D74D}"
EndProject
Project("{2150E333-8FDC-42A3-9474-1A3956D46DE8}") = "Payments", "Payments", "{F2892F7D-49D2-0969-2635-C4CE9CCFB03E}"
EndProject
Project("{FAE04EC0-301F-11D3-BF4B-00C04F79EFBC}") = "Payments.Api", "src\Payments\Payments.Api\Payments.Api.csproj", "{9677A14E-74B6-4809-A0B1-D4648B43A28E}"
EndProject
Project("{2150E333-8FDC-42A3-9474-1A3956D46DE8}") = "Setups", "Setups", "{3DD97CDF-0AB4-D59A-9DB7-08275AD1C0C4}"
EndProject
Project("{FAE04EC0-301F-11D3-BF4B-00C04F79EFBC}") = "Setups.Api", "src\Setups\Setups.Api\Setups.Api.csproj", "{DA0A1E71-2501-4FF1-A16F-8D993C2BB5DD}"
EndProject
Project("{FAE04EC0-301F-11D3-BF4B-00C04F79EFBC}") = "Appointments.Application", "src\Appointments\Appointments.Application\Appointments.Application.csproj", "{2E7418CE-44D4-4362-A721-26F472607BD3}"
	ProjectSection(ProjectDependencies) = postProject
		{B1AC8F17-74D5-4B2A-9B12-BEC9964C88F1} = {B1AC8F17-74D5-4B2A-9B12-BEC9964C88F1}
	EndProjectSection
EndProject
Project("{FAE04EC0-301F-11D3-BF4B-00C04F79EFBC}") = "Appointments.Domain", "src\Appointments\Appointments.Domain\Appointments.Domain.csproj", "{198793D6-07B2-4755-8AA1-75216DC62B89}"
EndProject
Project("{FAE04EC0-301F-11D3-BF4B-00C04F79EFBC}") = "Appointments.Infrastructure", "src\Appointments\Appointments.Infrastructure\Appointments.Infrastructure.csproj", "{2B80B031-2BF2-4075-9B56-AAC80C74FF20}"
EndProject
Project("{FAE04EC0-301F-11D3-BF4B-00C04F79EFBC}") = "Payments.Application", "src\Payments\Payments.Application\Payments.Application.csproj", "{0A097BC6-C303-4288-867F-0EFF317ED284}"
EndProject
Project("{FAE04EC0-301F-11D3-BF4B-00C04F79EFBC}") = "Payments.Domain", "src\Payments\Payments.Domain\Payments.Domain.csproj", "{5E3F5A22-38D0-4518-A650-5085A6BB6645}"
EndProject
Project("{FAE04EC0-301F-11D3-BF4B-00C04F79EFBC}") = "Payments.Infrastructure", "src\Payments\Payments.Infrastructure\Payments.Infrastructure.csproj", "{9080FABC-EF69-4D5B-89E1-A692746B1980}"
EndProject
Project("{FAE04EC0-301F-11D3-BF4B-00C04F79EFBC}") = "Setups.Application", "src\Setups\Setups.Application\Setups.Application.csproj", "{54A0FE85-9397-4D70-9F81-AA79D5C9B297}"
EndProject
Project("{FAE04EC0-301F-11D3-BF4B-00C04F79EFBC}") = "Setups.Domain", "src\Setups\Setups.Domain\Setups.Domain.csproj", "{70C9742B-1C92-412E-9B68-7BE7CFF3FC60}"
EndProject
Project("{FAE04EC0-301F-11D3-BF4B-00C04F79EFBC}") = "Setups.Infrastructure", "src\Setups\Setups.Infrastructure\Setups.Infrastructure.csproj", "{B7B9B596-CE00-44B7-9137-1096A2DEBDEA}"
EndProject
Project("{FAE04EC0-301F-11D3-BF4B-00C04F79EFBC}") = "Common.Domain", "src\Common\Common.Domain\Common.Domain.csproj", "{AD039D79-8C1E-46E8-967C-D77406AC120A}"
EndProject
Project("{2150E333-8FDC-42A3-9474-1A3956D46DE8}") = "Common", "Common", "{1E2C5C51-1E00-46F1-918B-720FC02A5750}"
EndProject
Project("{FAE04EC0-301F-11D3-BF4B-00C04F79EFBC}") = "Common.Infrastructure", "src\Common\Common.Infrastructure\Common.Infrastructure.csproj", "{4A3E9975-6D5F-467A-9B25-74FE031D8978}"
EndProject
Project("{FAE04EC0-301F-11D3-BF4B-00C04F79EFBC}") = "Common.Application", "src\Common\Common.Application\Common.Application.csproj", "{B1AC8F17-74D5-4B2A-9B12-BEC9964C88F1}"
EndProject
Project("{FAE04EC0-301F-11D3-BF4B-00C04F79EFBC}") = "Payments.Tests", "src\Payments\Payments.Tests\Payments.Tests.csproj", "{C6737CE0-8F18-48B8-8FBF-F22079F29919}"
EndProject
Project("{FAE04EC0-301F-11D3-BF4B-00C04F79EFBC}") = "Common.Api", "src\Common\Common.Api\Common.Api.csproj", "{82F2A294-00CB-475B-8572-42127FF7CD39}"
EndProject
Project("{E53339B2-1760-4266-BCC7-CA923CBCF16C}") = "docker-compose", "docker-compose\docker-compose.dcproj", "{331EA490-9AA5-463E-B196-43F8FB050479}"
EndProject
Project("{FAE04EC0-301F-11D3-BF4B-00C04F79EFBC}") = "Common.Models", "src\Common\Common.Models\Common.Models.csproj", "{09343EE0-E446-4B29-9FDD-5B45A6EF0C11}"
EndProject
Global
	GlobalSection(SolutionConfigurationPlatforms) = preSolution
		Debug|Any CPU = Debug|Any CPU
		Debug|x64 = Debug|x64
		Debug|x86 = Debug|x86
		Release|Any CPU = Release|Any CPU
		Release|x64 = Release|x64
		Release|x86 = Release|x86
	EndGlobalSection
	GlobalSection(ProjectConfigurationPlatforms) = postSolution
		{C2EA6002-5E0A-4350-97DE-02B00B80216C}.Debug|Any CPU.ActiveCfg = Debug|Any CPU
		{C2EA6002-5E0A-4350-97DE-02B00B80216C}.Debug|Any CPU.Build.0 = Debug|Any CPU
		{C2EA6002-5E0A-4350-97DE-02B00B80216C}.Debug|x64.ActiveCfg = Debug|Any CPU
		{C2EA6002-5E0A-4350-97DE-02B00B80216C}.Debug|x64.Build.0 = Debug|Any CPU
		{C2EA6002-5E0A-4350-97DE-02B00B80216C}.Debug|x86.ActiveCfg = Debug|Any CPU
		{C2EA6002-5E0A-4350-97DE-02B00B80216C}.Debug|x86.Build.0 = Debug|Any CPU
		{C2EA6002-5E0A-4350-97DE-02B00B80216C}.Release|Any CPU.ActiveCfg = Release|Any CPU
		{C2EA6002-5E0A-4350-97DE-02B00B80216C}.Release|Any CPU.Build.0 = Release|Any CPU
		{C2EA6002-5E0A-4350-97DE-02B00B80216C}.Release|x64.ActiveCfg = Release|Any CPU
		{C2EA6002-5E0A-4350-97DE-02B00B80216C}.Release|x64.Build.0 = Release|Any CPU
		{C2EA6002-5E0A-4350-97DE-02B00B80216C}.Release|x86.ActiveCfg = Release|Any CPU
		{C2EA6002-5E0A-4350-97DE-02B00B80216C}.Release|x86.Build.0 = Release|Any CPU
		{2D16252D-D06B-4CB8-85C5-028EDF52D74D}.Debug|Any CPU.ActiveCfg = Debug|Any CPU
		{2D16252D-D06B-4CB8-85C5-028EDF52D74D}.Debug|Any CPU.Build.0 = Debug|Any CPU
		{2D16252D-D06B-4CB8-85C5-028EDF52D74D}.Debug|x64.ActiveCfg = Debug|Any CPU
		{2D16252D-D06B-4CB8-85C5-028EDF52D74D}.Debug|x64.Build.0 = Debug|Any CPU
		{2D16252D-D06B-4CB8-85C5-028EDF52D74D}.Debug|x86.ActiveCfg = Debug|Any CPU
		{2D16252D-D06B-4CB8-85C5-028EDF52D74D}.Debug|x86.Build.0 = Debug|Any CPU
		{2D16252D-D06B-4CB8-85C5-028EDF52D74D}.Release|Any CPU.ActiveCfg = Release|Any CPU
		{2D16252D-D06B-4CB8-85C5-028EDF52D74D}.Release|Any CPU.Build.0 = Release|Any CPU
		{2D16252D-D06B-4CB8-85C5-028EDF52D74D}.Release|x64.ActiveCfg = Release|Any CPU
		{2D16252D-D06B-4CB8-85C5-028EDF52D74D}.Release|x64.Build.0 = Release|Any CPU
		{2D16252D-D06B-4CB8-85C5-028EDF52D74D}.Release|x86.ActiveCfg = Release|Any CPU
		{2D16252D-D06B-4CB8-85C5-028EDF52D74D}.Release|x86.Build.0 = Release|Any CPU
		{9677A14E-74B6-4809-A0B1-D4648B43A28E}.Debug|Any CPU.ActiveCfg = Debug|Any CPU
		{9677A14E-74B6-4809-A0B1-D4648B43A28E}.Debug|Any CPU.Build.0 = Debug|Any CPU
		{9677A14E-74B6-4809-A0B1-D4648B43A28E}.Debug|x64.ActiveCfg = Debug|Any CPU
		{9677A14E-74B6-4809-A0B1-D4648B43A28E}.Debug|x64.Build.0 = Debug|Any CPU
		{9677A14E-74B6-4809-A0B1-D4648B43A28E}.Debug|x86.ActiveCfg = Debug|Any CPU
		{9677A14E-74B6-4809-A0B1-D4648B43A28E}.Debug|x86.Build.0 = Debug|Any CPU
		{9677A14E-74B6-4809-A0B1-D4648B43A28E}.Release|Any CPU.ActiveCfg = Release|Any CPU
		{9677A14E-74B6-4809-A0B1-D4648B43A28E}.Release|Any CPU.Build.0 = Release|Any CPU
		{9677A14E-74B6-4809-A0B1-D4648B43A28E}.Release|x64.ActiveCfg = Release|Any CPU
		{9677A14E-74B6-4809-A0B1-D4648B43A28E}.Release|x64.Build.0 = Release|Any CPU
		{9677A14E-74B6-4809-A0B1-D4648B43A28E}.Release|x86.ActiveCfg = Release|Any CPU
		{9677A14E-74B6-4809-A0B1-D4648B43A28E}.Release|x86.Build.0 = Release|Any CPU
		{DA0A1E71-2501-4FF1-A16F-8D993C2BB5DD}.Debug|Any CPU.ActiveCfg = Debug|Any CPU
		{DA0A1E71-2501-4FF1-A16F-8D993C2BB5DD}.Debug|Any CPU.Build.0 = Debug|Any CPU
		{DA0A1E71-2501-4FF1-A16F-8D993C2BB5DD}.Debug|x64.ActiveCfg = Debug|Any CPU
		{DA0A1E71-2501-4FF1-A16F-8D993C2BB5DD}.Debug|x64.Build.0 = Debug|Any CPU
		{DA0A1E71-2501-4FF1-A16F-8D993C2BB5DD}.Debug|x86.ActiveCfg = Debug|Any CPU
		{DA0A1E71-2501-4FF1-A16F-8D993C2BB5DD}.Debug|x86.Build.0 = Debug|Any CPU
		{DA0A1E71-2501-4FF1-A16F-8D993C2BB5DD}.Release|Any CPU.ActiveCfg = Release|Any CPU
		{DA0A1E71-2501-4FF1-A16F-8D993C2BB5DD}.Release|Any CPU.Build.0 = Release|Any CPU
		{DA0A1E71-2501-4FF1-A16F-8D993C2BB5DD}.Release|x64.ActiveCfg = Release|Any CPU
		{DA0A1E71-2501-4FF1-A16F-8D993C2BB5DD}.Release|x64.Build.0 = Release|Any CPU
		{DA0A1E71-2501-4FF1-A16F-8D993C2BB5DD}.Release|x86.ActiveCfg = Release|Any CPU
		{DA0A1E71-2501-4FF1-A16F-8D993C2BB5DD}.Release|x86.Build.0 = Release|Any CPU
		{2E7418CE-44D4-4362-A721-26F472607BD3}.Debug|Any CPU.ActiveCfg = Debug|Any CPU
		{2E7418CE-44D4-4362-A721-26F472607BD3}.Debug|Any CPU.Build.0 = Debug|Any CPU
		{2E7418CE-44D4-4362-A721-26F472607BD3}.Debug|x64.ActiveCfg = Debug|Any CPU
		{2E7418CE-44D4-4362-A721-26F472607BD3}.Debug|x64.Build.0 = Debug|Any CPU
		{2E7418CE-44D4-4362-A721-26F472607BD3}.Debug|x86.ActiveCfg = Debug|Any CPU
		{2E7418CE-44D4-4362-A721-26F472607BD3}.Debug|x86.Build.0 = Debug|Any CPU
		{2E7418CE-44D4-4362-A721-26F472607BD3}.Release|Any CPU.ActiveCfg = Release|Any CPU
		{2E7418CE-44D4-4362-A721-26F472607BD3}.Release|Any CPU.Build.0 = Release|Any CPU
		{2E7418CE-44D4-4362-A721-26F472607BD3}.Release|x64.ActiveCfg = Release|Any CPU
		{2E7418CE-44D4-4362-A721-26F472607BD3}.Release|x64.Build.0 = Release|Any CPU
		{2E7418CE-44D4-4362-A721-26F472607BD3}.Release|x86.ActiveCfg = Release|Any CPU
		{2E7418CE-44D4-4362-A721-26F472607BD3}.Release|x86.Build.0 = Release|Any CPU
		{198793D6-07B2-4755-8AA1-75216DC62B89}.Debug|Any CPU.ActiveCfg = Debug|Any CPU
		{198793D6-07B2-4755-8AA1-75216DC62B89}.Debug|Any CPU.Build.0 = Debug|Any CPU
		{198793D6-07B2-4755-8AA1-75216DC62B89}.Debug|x64.ActiveCfg = Debug|Any CPU
		{198793D6-07B2-4755-8AA1-75216DC62B89}.Debug|x64.Build.0 = Debug|Any CPU
		{198793D6-07B2-4755-8AA1-75216DC62B89}.Debug|x86.ActiveCfg = Debug|Any CPU
		{198793D6-07B2-4755-8AA1-75216DC62B89}.Debug|x86.Build.0 = Debug|Any CPU
		{198793D6-07B2-4755-8AA1-75216DC62B89}.Release|Any CPU.ActiveCfg = Release|Any CPU
		{198793D6-07B2-4755-8AA1-75216DC62B89}.Release|Any CPU.Build.0 = Release|Any CPU
		{198793D6-07B2-4755-8AA1-75216DC62B89}.Release|x64.ActiveCfg = Release|Any CPU
		{198793D6-07B2-4755-8AA1-75216DC62B89}.Release|x64.Build.0 = Release|Any CPU
		{198793D6-07B2-4755-8AA1-75216DC62B89}.Release|x86.ActiveCfg = Release|Any CPU
		{198793D6-07B2-4755-8AA1-75216DC62B89}.Release|x86.Build.0 = Release|Any CPU
		{2B80B031-2BF2-4075-9B56-AAC80C74FF20}.Debug|Any CPU.ActiveCfg = Debug|Any CPU
		{2B80B031-2BF2-4075-9B56-AAC80C74FF20}.Debug|Any CPU.Build.0 = Debug|Any CPU
		{2B80B031-2BF2-4075-9B56-AAC80C74FF20}.Debug|x64.ActiveCfg = Debug|Any CPU
		{2B80B031-2BF2-4075-9B56-AAC80C74FF20}.Debug|x64.Build.0 = Debug|Any CPU
		{2B80B031-2BF2-4075-9B56-AAC80C74FF20}.Debug|x86.ActiveCfg = Debug|Any CPU
		{2B80B031-2BF2-4075-9B56-AAC80C74FF20}.Debug|x86.Build.0 = Debug|Any CPU
		{2B80B031-2BF2-4075-9B56-AAC80C74FF20}.Release|Any CPU.ActiveCfg = Release|Any CPU
		{2B80B031-2BF2-4075-9B56-AAC80C74FF20}.Release|Any CPU.Build.0 = Release|Any CPU
		{2B80B031-2BF2-4075-9B56-AAC80C74FF20}.Release|x64.ActiveCfg = Release|Any CPU
		{2B80B031-2BF2-4075-9B56-AAC80C74FF20}.Release|x64.Build.0 = Release|Any CPU
		{2B80B031-2BF2-4075-9B56-AAC80C74FF20}.Release|x86.ActiveCfg = Release|Any CPU
		{2B80B031-2BF2-4075-9B56-AAC80C74FF20}.Release|x86.Build.0 = Release|Any CPU
		{0A097BC6-C303-4288-867F-0EFF317ED284}.Debug|Any CPU.ActiveCfg = Debug|Any CPU
		{0A097BC6-C303-4288-867F-0EFF317ED284}.Debug|Any CPU.Build.0 = Debug|Any CPU
		{0A097BC6-C303-4288-867F-0EFF317ED284}.Debug|x64.ActiveCfg = Debug|Any CPU
		{0A097BC6-C303-4288-867F-0EFF317ED284}.Debug|x64.Build.0 = Debug|Any CPU
		{0A097BC6-C303-4288-867F-0EFF317ED284}.Debug|x86.ActiveCfg = Debug|Any CPU
		{0A097BC6-C303-4288-867F-0EFF317ED284}.Debug|x86.Build.0 = Debug|Any CPU
		{0A097BC6-C303-4288-867F-0EFF317ED284}.Release|Any CPU.ActiveCfg = Release|Any CPU
		{0A097BC6-C303-4288-867F-0EFF317ED284}.Release|Any CPU.Build.0 = Release|Any CPU
		{0A097BC6-C303-4288-867F-0EFF317ED284}.Release|x64.ActiveCfg = Release|Any CPU
		{0A097BC6-C303-4288-867F-0EFF317ED284}.Release|x64.Build.0 = Release|Any CPU
		{0A097BC6-C303-4288-867F-0EFF317ED284}.Release|x86.ActiveCfg = Release|Any CPU
		{0A097BC6-C303-4288-867F-0EFF317ED284}.Release|x86.Build.0 = Release|Any CPU
		{5E3F5A22-38D0-4518-A650-5085A6BB6645}.Debug|Any CPU.ActiveCfg = Debug|Any CPU
		{5E3F5A22-38D0-4518-A650-5085A6BB6645}.Debug|Any CPU.Build.0 = Debug|Any CPU
		{5E3F5A22-38D0-4518-A650-5085A6BB6645}.Debug|x64.ActiveCfg = Debug|Any CPU
		{5E3F5A22-38D0-4518-A650-5085A6BB6645}.Debug|x64.Build.0 = Debug|Any CPU
		{5E3F5A22-38D0-4518-A650-5085A6BB6645}.Debug|x86.ActiveCfg = Debug|Any CPU
		{5E3F5A22-38D0-4518-A650-5085A6BB6645}.Debug|x86.Build.0 = Debug|Any CPU
		{5E3F5A22-38D0-4518-A650-5085A6BB6645}.Release|Any CPU.ActiveCfg = Release|Any CPU
		{5E3F5A22-38D0-4518-A650-5085A6BB6645}.Release|Any CPU.Build.0 = Release|Any CPU
		{5E3F5A22-38D0-4518-A650-5085A6BB6645}.Release|x64.ActiveCfg = Release|Any CPU
		{5E3F5A22-38D0-4518-A650-5085A6BB6645}.Release|x64.Build.0 = Release|Any CPU
		{5E3F5A22-38D0-4518-A650-5085A6BB6645}.Release|x86.ActiveCfg = Release|Any CPU
		{5E3F5A22-38D0-4518-A650-5085A6BB6645}.Release|x86.Build.0 = Release|Any CPU
		{9080FABC-EF69-4D5B-89E1-A692746B1980}.Debug|Any CPU.ActiveCfg = Debug|Any CPU
		{9080FABC-EF69-4D5B-89E1-A692746B1980}.Debug|Any CPU.Build.0 = Debug|Any CPU
		{9080FABC-EF69-4D5B-89E1-A692746B1980}.Debug|x64.ActiveCfg = Debug|Any CPU
		{9080FABC-EF69-4D5B-89E1-A692746B1980}.Debug|x64.Build.0 = Debug|Any CPU
		{9080FABC-EF69-4D5B-89E1-A692746B1980}.Debug|x86.ActiveCfg = Debug|Any CPU
		{9080FABC-EF69-4D5B-89E1-A692746B1980}.Debug|x86.Build.0 = Debug|Any CPU
		{9080FABC-EF69-4D5B-89E1-A692746B1980}.Release|Any CPU.ActiveCfg = Release|Any CPU
		{9080FABC-EF69-4D5B-89E1-A692746B1980}.Release|Any CPU.Build.0 = Release|Any CPU
		{9080FABC-EF69-4D5B-89E1-A692746B1980}.Release|x64.ActiveCfg = Release|Any CPU
		{9080FABC-EF69-4D5B-89E1-A692746B1980}.Release|x64.Build.0 = Release|Any CPU
		{9080FABC-EF69-4D5B-89E1-A692746B1980}.Release|x86.ActiveCfg = Release|Any CPU
		{9080FABC-EF69-4D5B-89E1-A692746B1980}.Release|x86.Build.0 = Release|Any CPU
		{54A0FE85-9397-4D70-9F81-AA79D5C9B297}.Debug|Any CPU.ActiveCfg = Debug|Any CPU
		{54A0FE85-9397-4D70-9F81-AA79D5C9B297}.Debug|Any CPU.Build.0 = Debug|Any CPU
		{54A0FE85-9397-4D70-9F81-AA79D5C9B297}.Debug|x64.ActiveCfg = Debug|Any CPU
		{54A0FE85-9397-4D70-9F81-AA79D5C9B297}.Debug|x64.Build.0 = Debug|Any CPU
		{54A0FE85-9397-4D70-9F81-AA79D5C9B297}.Debug|x86.ActiveCfg = Debug|Any CPU
		{54A0FE85-9397-4D70-9F81-AA79D5C9B297}.Debug|x86.Build.0 = Debug|Any CPU
		{54A0FE85-9397-4D70-9F81-AA79D5C9B297}.Release|Any CPU.ActiveCfg = Release|Any CPU
		{54A0FE85-9397-4D70-9F81-AA79D5C9B297}.Release|Any CPU.Build.0 = Release|Any CPU
		{54A0FE85-9397-4D70-9F81-AA79D5C9B297}.Release|x64.ActiveCfg = Release|Any CPU
		{54A0FE85-9397-4D70-9F81-AA79D5C9B297}.Release|x64.Build.0 = Release|Any CPU
		{54A0FE85-9397-4D70-9F81-AA79D5C9B297}.Release|x86.ActiveCfg = Release|Any CPU
		{54A0FE85-9397-4D70-9F81-AA79D5C9B297}.Release|x86.Build.0 = Release|Any CPU
		{70C9742B-1C92-412E-9B68-7BE7CFF3FC60}.Debug|Any CPU.ActiveCfg = Debug|Any CPU
		{70C9742B-1C92-412E-9B68-7BE7CFF3FC60}.Debug|Any CPU.Build.0 = Debug|Any CPU
		{70C9742B-1C92-412E-9B68-7BE7CFF3FC60}.Debug|x64.ActiveCfg = Debug|Any CPU
		{70C9742B-1C92-412E-9B68-7BE7CFF3FC60}.Debug|x64.Build.0 = Debug|Any CPU
		{70C9742B-1C92-412E-9B68-7BE7CFF3FC60}.Debug|x86.ActiveCfg = Debug|Any CPU
		{70C9742B-1C92-412E-9B68-7BE7CFF3FC60}.Debug|x86.Build.0 = Debug|Any CPU
		{70C9742B-1C92-412E-9B68-7BE7CFF3FC60}.Release|Any CPU.ActiveCfg = Release|Any CPU
		{70C9742B-1C92-412E-9B68-7BE7CFF3FC60}.Release|Any CPU.Build.0 = Release|Any CPU
		{70C9742B-1C92-412E-9B68-7BE7CFF3FC60}.Release|x64.ActiveCfg = Release|Any CPU
		{70C9742B-1C92-412E-9B68-7BE7CFF3FC60}.Release|x64.Build.0 = Release|Any CPU
		{70C9742B-1C92-412E-9B68-7BE7CFF3FC60}.Release|x86.ActiveCfg = Release|Any CPU
		{70C9742B-1C92-412E-9B68-7BE7CFF3FC60}.Release|x86.Build.0 = Release|Any CPU
		{B7B9B596-CE00-44B7-9137-1096A2DEBDEA}.Debug|Any CPU.ActiveCfg = Debug|Any CPU
		{B7B9B596-CE00-44B7-9137-1096A2DEBDEA}.Debug|Any CPU.Build.0 = Debug|Any CPU
		{B7B9B596-CE00-44B7-9137-1096A2DEBDEA}.Debug|x64.ActiveCfg = Debug|Any CPU
		{B7B9B596-CE00-44B7-9137-1096A2DEBDEA}.Debug|x64.Build.0 = Debug|Any CPU
		{B7B9B596-CE00-44B7-9137-1096A2DEBDEA}.Debug|x86.ActiveCfg = Debug|Any CPU
		{B7B9B596-CE00-44B7-9137-1096A2DEBDEA}.Debug|x86.Build.0 = Debug|Any CPU
		{B7B9B596-CE00-44B7-9137-1096A2DEBDEA}.Release|Any CPU.ActiveCfg = Release|Any CPU
		{B7B9B596-CE00-44B7-9137-1096A2DEBDEA}.Release|Any CPU.Build.0 = Release|Any CPU
		{B7B9B596-CE00-44B7-9137-1096A2DEBDEA}.Release|x64.ActiveCfg = Release|Any CPU
		{B7B9B596-CE00-44B7-9137-1096A2DEBDEA}.Release|x64.Build.0 = Release|Any CPU
		{B7B9B596-CE00-44B7-9137-1096A2DEBDEA}.Release|x86.ActiveCfg = Release|Any CPU
		{B7B9B596-CE00-44B7-9137-1096A2DEBDEA}.Release|x86.Build.0 = Release|Any CPU
		{AD039D79-8C1E-46E8-967C-D77406AC120A}.Debug|Any CPU.ActiveCfg = Debug|Any CPU
		{AD039D79-8C1E-46E8-967C-D77406AC120A}.Debug|Any CPU.Build.0 = Debug|Any CPU
		{AD039D79-8C1E-46E8-967C-D77406AC120A}.Debug|x64.ActiveCfg = Debug|Any CPU
		{AD039D79-8C1E-46E8-967C-D77406AC120A}.Debug|x64.Build.0 = Debug|Any CPU
		{AD039D79-8C1E-46E8-967C-D77406AC120A}.Debug|x86.ActiveCfg = Debug|Any CPU
		{AD039D79-8C1E-46E8-967C-D77406AC120A}.Debug|x86.Build.0 = Debug|Any CPU
		{AD039D79-8C1E-46E8-967C-D77406AC120A}.Release|Any CPU.ActiveCfg = Release|Any CPU
		{AD039D79-8C1E-46E8-967C-D77406AC120A}.Release|Any CPU.Build.0 = Release|Any CPU
		{AD039D79-8C1E-46E8-967C-D77406AC120A}.Release|x64.ActiveCfg = Release|Any CPU
		{AD039D79-8C1E-46E8-967C-D77406AC120A}.Release|x64.Build.0 = Release|Any CPU
		{AD039D79-8C1E-46E8-967C-D77406AC120A}.Release|x86.ActiveCfg = Release|Any CPU
		{AD039D79-8C1E-46E8-967C-D77406AC120A}.Release|x86.Build.0 = Release|Any CPU
		{4A3E9975-6D5F-467A-9B25-74FE031D8978}.Debug|Any CPU.ActiveCfg = Debug|Any CPU
		{4A3E9975-6D5F-467A-9B25-74FE031D8978}.Debug|Any CPU.Build.0 = Debug|Any CPU
		{4A3E9975-6D5F-467A-9B25-74FE031D8978}.Debug|x64.ActiveCfg = Debug|Any CPU
		{4A3E9975-6D5F-467A-9B25-74FE031D8978}.Debug|x64.Build.0 = Debug|Any CPU
		{4A3E9975-6D5F-467A-9B25-74FE031D8978}.Debug|x86.ActiveCfg = Debug|Any CPU
		{4A3E9975-6D5F-467A-9B25-74FE031D8978}.Debug|x86.Build.0 = Debug|Any CPU
		{4A3E9975-6D5F-467A-9B25-74FE031D8978}.Release|Any CPU.ActiveCfg = Release|Any CPU
		{4A3E9975-6D5F-467A-9B25-74FE031D8978}.Release|Any CPU.Build.0 = Release|Any CPU
		{4A3E9975-6D5F-467A-9B25-74FE031D8978}.Release|x64.ActiveCfg = Release|Any CPU
		{4A3E9975-6D5F-467A-9B25-74FE031D8978}.Release|x64.Build.0 = Release|Any CPU
		{4A3E9975-6D5F-467A-9B25-74FE031D8978}.Release|x86.ActiveCfg = Release|Any CPU
		{4A3E9975-6D5F-467A-9B25-74FE031D8978}.Release|x86.Build.0 = Release|Any CPU
		{B1AC8F17-74D5-4B2A-9B12-BEC9964C88F1}.Debug|Any CPU.ActiveCfg = Debug|Any CPU
		{B1AC8F17-74D5-4B2A-9B12-BEC9964C88F1}.Debug|Any CPU.Build.0 = Debug|Any CPU
		{B1AC8F17-74D5-4B2A-9B12-BEC9964C88F1}.Debug|x64.ActiveCfg = Debug|Any CPU
		{B1AC8F17-74D5-4B2A-9B12-BEC9964C88F1}.Debug|x64.Build.0 = Debug|Any CPU
		{B1AC8F17-74D5-4B2A-9B12-BEC9964C88F1}.Debug|x86.ActiveCfg = Debug|Any CPU
		{B1AC8F17-74D5-4B2A-9B12-BEC9964C88F1}.Debug|x86.Build.0 = Debug|Any CPU
		{B1AC8F17-74D5-4B2A-9B12-BEC9964C88F1}.Release|Any CPU.ActiveCfg = Release|Any CPU
		{B1AC8F17-74D5-4B2A-9B12-BEC9964C88F1}.Release|Any CPU.Build.0 = Release|Any CPU
		{B1AC8F17-74D5-4B2A-9B12-BEC9964C88F1}.Release|x64.ActiveCfg = Release|Any CPU
		{B1AC8F17-74D5-4B2A-9B12-BEC9964C88F1}.Release|x64.Build.0 = Release|Any CPU
		{B1AC8F17-74D5-4B2A-9B12-BEC9964C88F1}.Release|x86.ActiveCfg = Release|Any CPU
		{B1AC8F17-74D5-4B2A-9B12-BEC9964C88F1}.Release|x86.Build.0 = Release|Any CPU
		{C6737CE0-8F18-48B8-8FBF-F22079F29919}.Debug|Any CPU.ActiveCfg = Debug|Any CPU
		{C6737CE0-8F18-48B8-8FBF-F22079F29919}.Debug|Any CPU.Build.0 = Debug|Any CPU
		{C6737CE0-8F18-48B8-8FBF-F22079F29919}.Debug|x64.ActiveCfg = Debug|Any CPU
		{C6737CE0-8F18-48B8-8FBF-F22079F29919}.Debug|x64.Build.0 = Debug|Any CPU
		{C6737CE0-8F18-48B8-8FBF-F22079F29919}.Debug|x86.ActiveCfg = Debug|Any CPU
		{C6737CE0-8F18-48B8-8FBF-F22079F29919}.Debug|x86.Build.0 = Debug|Any CPU
		{C6737CE0-8F18-48B8-8FBF-F22079F29919}.Release|Any CPU.ActiveCfg = Release|Any CPU
		{C6737CE0-8F18-48B8-8FBF-F22079F29919}.Release|Any CPU.Build.0 = Release|Any CPU
		{C6737CE0-8F18-48B8-8FBF-F22079F29919}.Release|x64.ActiveCfg = Release|Any CPU
		{C6737CE0-8F18-48B8-8FBF-F22079F29919}.Release|x64.Build.0 = Release|Any CPU
		{C6737CE0-8F18-48B8-8FBF-F22079F29919}.Release|x86.ActiveCfg = Release|Any CPU
		{C6737CE0-8F18-48B8-8FBF-F22079F29919}.Release|x86.Build.0 = Release|Any CPU
		{82F2A294-00CB-475B-8572-42127FF7CD39}.Debug|Any CPU.ActiveCfg = Debug|Any CPU
		{82F2A294-00CB-475B-8572-42127FF7CD39}.Debug|Any CPU.Build.0 = Debug|Any CPU
		{82F2A294-00CB-475B-8572-42127FF7CD39}.Debug|x64.ActiveCfg = Debug|Any CPU
		{82F2A294-00CB-475B-8572-42127FF7CD39}.Debug|x64.Build.0 = Debug|Any CPU
		{82F2A294-00CB-475B-8572-42127FF7CD39}.Debug|x86.ActiveCfg = Debug|Any CPU
		{82F2A294-00CB-475B-8572-42127FF7CD39}.Debug|x86.Build.0 = Debug|Any CPU
		{82F2A294-00CB-475B-8572-42127FF7CD39}.Release|Any CPU.ActiveCfg = Release|Any CPU
		{82F2A294-00CB-475B-8572-42127FF7CD39}.Release|Any CPU.Build.0 = Release|Any CPU
		{82F2A294-00CB-475B-8572-42127FF7CD39}.Release|x64.ActiveCfg = Release|Any CPU
		{82F2A294-00CB-475B-8572-42127FF7CD39}.Release|x64.Build.0 = Release|Any CPU
		{82F2A294-00CB-475B-8572-42127FF7CD39}.Release|x86.ActiveCfg = Release|Any CPU
		{82F2A294-00CB-475B-8572-42127FF7CD39}.Release|x86.Build.0 = Release|Any CPU
		{331EA490-9AA5-463E-B196-43F8FB050479}.Debug|Any CPU.ActiveCfg = Debug|Any CPU
		{331EA490-9AA5-463E-B196-43F8FB050479}.Debug|Any CPU.Build.0 = Debug|Any CPU
		{331EA490-9AA5-463E-B196-43F8FB050479}.Debug|x64.ActiveCfg = Debug|Any CPU
		{331EA490-9AA5-463E-B196-43F8FB050479}.Debug|x64.Build.0 = Debug|Any CPU
		{331EA490-9AA5-463E-B196-43F8FB050479}.Debug|x86.ActiveCfg = Debug|Any CPU
		{331EA490-9AA5-463E-B196-43F8FB050479}.Debug|x86.Build.0 = Debug|Any CPU
		{331EA490-9AA5-463E-B196-43F8FB050479}.Release|Any CPU.ActiveCfg = Release|Any CPU
		{331EA490-9AA5-463E-B196-43F8FB050479}.Release|Any CPU.Build.0 = Release|Any CPU
		{331EA490-9AA5-463E-B196-43F8FB050479}.Release|x64.ActiveCfg = Release|Any CPU
		{331EA490-9AA5-463E-B196-43F8FB050479}.Release|x64.Build.0 = Release|Any CPU
		{331EA490-9AA5-463E-B196-43F8FB050479}.Release|x86.ActiveCfg = Release|Any CPU
		{331EA490-9AA5-463E-B196-43F8FB050479}.Release|x86.Build.0 = Release|Any CPU
		{09343EE0-E446-4B29-9FDD-5B45A6EF0C11}.Debug|Any CPU.ActiveCfg = Debug|Any CPU
		{09343EE0-E446-4B29-9FDD-5B45A6EF0C11}.Debug|Any CPU.Build.0 = Debug|Any CPU
		{09343EE0-E446-4B29-9FDD-5B45A6EF0C11}.Debug|x64.ActiveCfg = Debug|Any CPU
		{09343EE0-E446-4B29-9FDD-5B45A6EF0C11}.Debug|x64.Build.0 = Debug|Any CPU
		{09343EE0-E446-4B29-9FDD-5B45A6EF0C11}.Debug|x86.ActiveCfg = Debug|Any CPU
		{09343EE0-E446-4B29-9FDD-5B45A6EF0C11}.Debug|x86.Build.0 = Debug|Any CPU
		{09343EE0-E446-4B29-9FDD-5B45A6EF0C11}.Release|Any CPU.ActiveCfg = Release|Any CPU
		{09343EE0-E446-4B29-9FDD-5B45A6EF0C11}.Release|Any CPU.Build.0 = Release|Any CPU
		{09343EE0-E446-4B29-9FDD-5B45A6EF0C11}.Release|x64.ActiveCfg = Release|Any CPU
		{09343EE0-E446-4B29-9FDD-5B45A6EF0C11}.Release|x64.Build.0 = Release|Any CPU
		{09343EE0-E446-4B29-9FDD-5B45A6EF0C11}.Release|x86.ActiveCfg = Release|Any CPU
		{09343EE0-E446-4B29-9FDD-5B45A6EF0C11}.Release|x86.Build.0 = Release|Any CPU
	EndGlobalSection
	GlobalSection(SolutionProperties) = preSolution
		HideSolutionNode = FALSE
	EndGlobalSection
	GlobalSection(NestedProjects) = preSolution
		{C2EA6002-5E0A-4350-97DE-02B00B80216C} = {47B7591B-B5BE-4296-A0AD-78E9129BC2B4}
		{2D16252D-D06B-4CB8-85C5-028EDF52D74D} = {E7BDDBC6-9FD1-D1D7-ACD8-2C4F8E3D2461}
		{9677A14E-74B6-4809-A0B1-D4648B43A28E} = {F2892F7D-49D2-0969-2635-C4CE9CCFB03E}
		{DA0A1E71-2501-4FF1-A16F-8D993C2BB5DD} = {3DD97CDF-0AB4-D59A-9DB7-08275AD1C0C4}
		{2E7418CE-44D4-4362-A721-26F472607BD3} = {47B7591B-B5BE-4296-A0AD-78E9129BC2B4}
		{198793D6-07B2-4755-8AA1-75216DC62B89} = {47B7591B-B5BE-4296-A0AD-78E9129BC2B4}
		{2B80B031-2BF2-4075-9B56-AAC80C74FF20} = {47B7591B-B5BE-4296-A0AD-78E9129BC2B4}
		{0A097BC6-C303-4288-867F-0EFF317ED284} = {F2892F7D-49D2-0969-2635-C4CE9CCFB03E}
		{5E3F5A22-38D0-4518-A650-5085A6BB6645} = {F2892F7D-49D2-0969-2635-C4CE9CCFB03E}
		{9080FABC-EF69-4D5B-89E1-A692746B1980} = {F2892F7D-49D2-0969-2635-C4CE9CCFB03E}
		{54A0FE85-9397-4D70-9F81-AA79D5C9B297} = {3DD97CDF-0AB4-D59A-9DB7-08275AD1C0C4}
		{70C9742B-1C92-412E-9B68-7BE7CFF3FC60} = {3DD97CDF-0AB4-D59A-9DB7-08275AD1C0C4}
		{B7B9B596-CE00-44B7-9137-1096A2DEBDEA} = {3DD97CDF-0AB4-D59A-9DB7-08275AD1C0C4}
		{AD039D79-8C1E-46E8-967C-D77406AC120A} = {1E2C5C51-1E00-46F1-918B-720FC02A5750}
		{4A3E9975-6D5F-467A-9B25-74FE031D8978} = {1E2C5C51-1E00-46F1-918B-720FC02A5750}
		{B1AC8F17-74D5-4B2A-9B12-BEC9964C88F1} = {1E2C5C51-1E00-46F1-918B-720FC02A5750}
		{C6737CE0-8F18-48B8-8FBF-F22079F29919} = {F2892F7D-49D2-0969-2635-C4CE9CCFB03E}
		{82F2A294-00CB-475B-8572-42127FF7CD39} = {1E2C5C51-1E00-46F1-918B-720FC02A5750}
		{09343EE0-E446-4B29-9FDD-5B45A6EF0C11} = {1E2C5C51-1E00-46F1-918B-720FC02A5750}
	EndGlobalSection
	GlobalSection(ExtensibilityGlobals) = postSolution
		SolutionGuid = {AD1CC329-2CD5-4D89-8E87-A26BF0D238F6}
	EndGlobalSection
EndGlobal
